
Microsoft Visual Studio Solution File, Format Version 12.00
# Visual Studio Version 17
VisualStudioVersion = 17.14.36221.1 d17.14
MinimumVisualStudioVersion = 10.0.40219.1
Project("{8BC9CEB8-8B4A-11D0-8D11-00A0C91BC942}") = "TEST1", "TEST1.vcxproj", "{CCC6E486-913A-449E-8B6E-43441395D762}"
EndProject
Project("{8BC9CEB8-8B4A-11D0-8D11-00A0C91BC942}") = "TEST2", "..\TEST2\TEST2.vcxproj", "{09708189-5E4A-4681-9A34-A71E7781BE2B}"
EndProject
Project("{8BC9CEB8-8B4A-11D0-8D11-00A0C91BC942}") = "TEST4", "..\TEST4\TEST4.vcxproj", "{349A37B1-04F9-4D3C-935D-96C2BD4D931E}"
EndProject
Project("{8BC9CEB8-8B4A-11D0-8D11-00A0C91BC942}") = "TEST3", "..\TEST3\TEST3.vcxproj", "{629CB509-1757-4835-A6F0-CF96CB9723AB}"
EndProject
Project("{8BC9CEB8-8B4A-11D0-8D11-00A0C91BC942}") = "TEST5", "..\TEST5\TEST5.vcxproj", "{BD7ADEEE-55D4-4CE6-A03C-EB7A956A0D63}"
EndProject
Project("{8BC9CEB8-8B4A-11D0-8D11-00A0C91BC942}") = "TEST6", "..\TEST6\TEST6.vcxproj", "{952B1E86-CF9D-4B8D-95E7-3241E164B799}"
EndProject
Global
	GlobalSection(SolutionConfigurationPlatforms) = preSolution
		Debug|x64 = Debug|x64
		Debug|x86 = Debug|x86
		Release|x64 = Release|x64
		Release|x86 = Release|x86
	EndGlobalSection
	GlobalSection(ProjectConfigurationPlatforms) = postSolution
		{CCC6E486-913A-449E-8B6E-43441395D762}.Debug|x64.ActiveCfg = Debug|x64
		{CCC6E486-913A-449E-8B6E-43441395D762}.Debug|x64.Build.0 = Debug|x64
		{CCC6E486-913A-449E-8B6E-43441395D762}.Debug|x86.ActiveCfg = Debug|Win32
		{CCC6E486-913A-449E-8B6E-43441395D762}.Debug|x86.Build.0 = Debug|Win32
		{CCC6E486-913A-449E-8B6E-43441395D762}.Release|x64.ActiveCfg = Release|x64
		{CCC6E486-913A-449E-8B6E-43441395D762}.Release|x64.Build.0 = Release|x64
		{CCC6E486-913A-449E-8B6E-43441395D762}.Release|x86.ActiveCfg = Release|Win32
		{CCC6E486-913A-449E-8B6E-43441395D762}.Release|x86.Build.0 = Release|Win32
		{09708189-5E4A-4681-9A34-A71E7781BE2B}.Debug|x64.ActiveCfg = Debug|x64
		{09708189-5E4A-4681-9A34-A71E7781BE2B}.Debug|x64.Build.0 = Debug|x64
		{09708189-5E4A-4681-9A34-A71E7781BE2B}.Debug|x86.ActiveCfg = Debug|Win32
		{09708189-5E4A-4681-9A34-A71E7781BE2B}.Debug|x86.Build.0 = Debug|Win32
		{09708189-5E4A-4681-9A34-A71E7781BE2B}.Release|x64.ActiveCfg = Release|x64
		{09708189-5E4A-4681-9A34-A71E7781BE2B}.Release|x64.Build.0 = Release|x64
		{09708189-5E4A-4681-9A34-A71E7781BE2B}.Release|x86.ActiveCfg = Release|Win32
		{09708189-5E4A-4681-9A34-A71E7781BE2B}.Release|x86.Build.0 = Release|Win32
		{349A37B1-04F9-4D3C-935D-96C2BD4D931E}.Debug|x64.ActiveCfg = Debug|x64
		{349A37B1-04F9-4D3C-935D-96C2BD4D931E}.Debug|x64.Build.0 = Debug|x64
		{349A37B1-04F9-4D3C-935D-96C2BD4D931E}.Debug|x86.ActiveCfg = Debug|Win32
		{349A37B1-04F9-4D3C-935D-96C2BD4D931E}.Debug|x86.Build.0 = Debug|Win32
		{349A37B1-04F9-4D3C-935D-96C2BD4D931E}.Release|x64.ActiveCfg = Release|x64
		{349A37B1-04F9-4D3C-935D-96C2BD4D931E}.Release|x64.Build.0 = Release|x64
		{349A37B1-04F9-4D3C-935D-96C2BD4D931E}.Release|x86.ActiveCfg = Release|Win32
		{349A37B1-04F9-4D3C-935D-96C2BD4D931E}.Release|x86.Build.0 = Release|Win32
		{629CB509-1757-4835-A6F0-CF96CB9723AB}.Debug|x64.ActiveCfg = Debug|x64
		{629CB509-1757-4835-A6F0-CF96CB9723AB}.Debug|x64.Build.0 = Debug|x64
		{629CB509-1757-4835-A6F0-CF96CB9723AB}.Debug|x86.ActiveCfg = Debug|Win32
		{629CB509-1757-4835-A6F0-CF96CB9723AB}.Debug|x86.Build.0 = Debug|Win32
		{629CB509-1757-4835-A6F0-CF96CB9723AB}.Release|x64.ActiveCfg = Release|x64
		{629CB509-1757-4835-A6F0-CF96CB9723AB}.Release|x64.Build.0 = Release|x64
		{629CB509-1757-4835-A6F0-CF96CB9723AB}.Release|x86.ActiveCfg = Release|Win32
		{629CB509-1757-4835-A6F0-CF96CB9723AB}.Release|x86.Build.0 = Release|Win32
		{BD7ADEEE-55D4-4CE6-A03C-EB7A956A0D63}.Debug|x64.ActiveCfg = Debug|x64
		{BD7ADEEE-55D4-4CE6-A03C-EB7A956A0D63}.Debug|x64.Build.0 = Debug|x64
		{BD7ADEEE-55D4-4CE6-A03C-EB7A956A0D63}.Debug|x86.ActiveCfg = Debug|Win32
		{BD7ADEEE-55D4-4CE6-A03C-EB7A956A0D63}.Debug|x86.Build.0 = Debug|Win32
		{BD7ADEEE-55D4-4CE6-A03C-EB7A956A0D63}.Release|x64.ActiveCfg = Release|x64
		{BD7ADEEE-55D4-4CE6-A03C-EB7A956A0D63}.Release|x64.Build.0 = Release|x64
		{BD7ADEEE-55D4-4CE6-A03C-EB7A956A0D63}.Release|x86.ActiveCfg = Release|Win32
		{BD7ADEEE-55D4-4CE6-A03C-EB7A956A0D63}.Release|x86.Build.0 = Release|Win32
		{952B1E86-CF9D-4B8D-95E7-3241E164B799}.Debug|x64.ActiveCfg = Debug|x64
		{952B1E86-CF9D-4B8D-95E7-3241E164B799}.Debug|x64.Build.0 = Debug|x64
		{952B1E86-CF9D-4B8D-95E7-3241E164B799}.Debug|x86.ActiveCfg = Debug|Win32
		{952B1E86-CF9D-4B8D-95E7-3241E164B799}.Debug|x86.Build.0 = Debug|Win32
		{952B1E86-CF9D-4B8D-95E7-3241E164B799}.Release|x64.ActiveCfg = Release|x64
		{952B1E86-CF9D-4B8D-95E7-3241E164B799}.Release|x64.Build.0 = Release|x64
		{952B1E86-CF9D-4B8D-95E7-3241E164B799}.Release|x86.ActiveCfg = Release|Win32
		{952B1E86-CF9D-4B8D-95E7-3241E164B799}.Release|x86.Build.0 = Release|Win32
	EndGlobalSection
	GlobalSection(SolutionProperties) = preSolution
		HideSolutionNode = FALSE
	EndGlobalSection
	GlobalSection(ExtensibilityGlobals) = postSolution
		SolutionGuid = {73E01976-625C-4553-9C61-B15C25F6D7E6}
	EndGlobalSection
EndGlobal
