
Microsoft Visual Studio Solution File, Format Version 12.00
# Visual Studio Version 17
VisualStudioVersion = 17.14.36221.1
MinimumVisualStudioVersion = 10.0.40219.1
Project("{8BC9CEB8-8B4A-11D0-8D11-00A0C91BC942}") = "TEST01", "TEST01.vcxproj", "{819F049D-175A-4D22-AAC9-4E09CE9B96D2}"
EndProject
Project("{8BC9CEB8-8B4A-11D0-8D11-00A0C91BC942}") = "TEST02", "..\TEST02\TEST02.vcxproj", "{80D47733-6E64-41F6-A780-AA31D3D02C3C}"
EndProject
Project("{8BC9CEB8-8B4A-11D0-8D11-00A0C91BC942}") = "TEST03", "..\TEST03\TEST03.vcxproj", "{90E8F8DF-E814-4FF9-847B-A14826167095}"
EndProject
Project("{8BC9CEB8-8B4A-11D0-8D11-00A0C91BC942}") = "TEST04", "..\TEST05\TEST05.vcxproj", "{863D8168-10B0-4AD2-B676-E51E772008E5}"
EndProject
Project("{8BC9CEB8-8B4A-11D0-8D11-00A0C91BC942}") = "TEST05", "..\TEST5\TEST5.vcxproj", "{997BC36B-9018-43C7-A59A-E801D9333418}"
EndProject
Project("{8BC9CEB8-8B4A-11D0-8D11-00A0C91BC942}") = "TEST06", "..\TEST06\TEST06.vcxproj", "{6C669760-4388-43E8-A6DB-E4FD6CA5EF25}"
EndProject
Project("{8BC9CEB8-8B4A-11D0-8D11-00A0C91BC942}") = "TEST07", "..\TES07\TES07.vcxproj", "{0F541E2B-6D04-4865-B2E0-487E8EA6D37F}"
EndProject
Global
	GlobalSection(SolutionConfigurationPlatforms) = preSolution
		Debug|x64 = Debug|x64
		Debug|x86 = Debug|x86
		Release|x64 = Release|x64
		Release|x86 = Release|x86
	EndGlobalSection
	GlobalSection(ProjectConfigurationPlatforms) = postSolution
		{819F049D-175A-4D22-AAC9-4E09CE9B96D2}.Debug|x64.ActiveCfg = Debug|x64
		{819F049D-175A-4D22-AAC9-4E09CE9B96D2}.Debug|x64.Build.0 = Debug|x64
		{819F049D-175A-4D22-AAC9-4E09CE9B96D2}.Debug|x86.ActiveCfg = Debug|Win32
		{819F049D-175A-4D22-AAC9-4E09CE9B96D2}.Debug|x86.Build.0 = Debug|Win32
		{819F049D-175A-4D22-AAC9-4E09CE9B96D2}.Release|x64.ActiveCfg = Release|x64
		{819F049D-175A-4D22-AAC9-4E09CE9B96D2}.Release|x64.Build.0 = Release|x64
		{819F049D-175A-4D22-AAC9-4E09CE9B96D2}.Release|x86.ActiveCfg = Release|Win32
		{819F049D-175A-4D22-AAC9-4E09CE9B96D2}.Release|x86.Build.0 = Release|Win32
		{80D47733-6E64-41F6-A780-AA31D3D02C3C}.Debug|x64.ActiveCfg = Debug|x64
		{80D47733-6E64-41F6-A780-AA31D3D02C3C}.Debug|x64.Build.0 = Debug|x64
		{80D47733-6E64-41F6-A780-AA31D3D02C3C}.Debug|x86.ActiveCfg = Debug|Win32
		{80D47733-6E64-41F6-A780-AA31D3D02C3C}.Debug|x86.Build.0 = Debug|Win32
		{80D47733-6E64-41F6-A780-AA31D3D02C3C}.Release|x64.ActiveCfg = Release|x64
		{80D47733-6E64-41F6-A780-AA31D3D02C3C}.Release|x64.Build.0 = Release|x64
		{80D47733-6E64-41F6-A780-AA31D3D02C3C}.Release|x86.ActiveCfg = Release|Win32
		{80D47733-6E64-41F6-A780-AA31D3D02C3C}.Release|x86.Build.0 = Release|Win32
		{90E8F8DF-E814-4FF9-847B-A14826167095}.Debug|x64.ActiveCfg = Debug|x64
		{90E8F8DF-E814-4FF9-847B-A14826167095}.Debug|x64.Build.0 = Debug|x64
		{90E8F8DF-E814-4FF9-847B-A14826167095}.Debug|x86.ActiveCfg = Debug|Win32
		{90E8F8DF-E814-4FF9-847B-A14826167095}.Debug|x86.Build.0 = Debug|Win32
		{90E8F8DF-E814-4FF9-847B-A14826167095}.Release|x64.ActiveCfg = Release|x64
		{90E8F8DF-E814-4FF9-847B-A14826167095}.Release|x64.Build.0 = Release|x64
		{90E8F8DF-E814-4FF9-847B-A14826167095}.Release|x86.ActiveCfg = Release|Win32
		{90E8F8DF-E814-4FF9-847B-A14826167095}.Release|x86.Build.0 = Release|Win32
		{863D8168-10B0-4AD2-B676-E51E772008E5}.Debug|x64.ActiveCfg = Debug|x64
		{863D8168-10B0-4AD2-B676-E51E772008E5}.Debug|x64.Build.0 = Debug|x64
		{863D8168-10B0-4AD2-B676-E51E772008E5}.Debug|x86.ActiveCfg = Debug|Win32
		{863D8168-10B0-4AD2-B676-E51E772008E5}.Debug|x86.Build.0 = Debug|Win32
		{863D8168-10B0-4AD2-B676-E51E772008E5}.Release|x64.ActiveCfg = Release|x64
		{863D8168-10B0-4AD2-B676-E51E772008E5}.Release|x64.Build.0 = Release|x64
		{863D8168-10B0-4AD2-B676-E51E772008E5}.Release|x86.ActiveCfg = Release|Win32
		{863D8168-10B0-4AD2-B676-E51E772008E5}.Release|x86.Build.0 = Release|Win32
		{997BC36B-9018-43C7-A59A-E801D9333418}.Debug|x64.ActiveCfg = Debug|x64
		{997BC36B-9018-43C7-A59A-E801D9333418}.Debug|x64.Build.0 = Debug|x64
		{997BC36B-9018-43C7-A59A-E801D9333418}.Debug|x86.ActiveCfg = Debug|Win32
		{997BC36B-9018-43C7-A59A-E801D9333418}.Debug|x86.Build.0 = Debug|Win32
		{997BC36B-9018-43C7-A59A-E801D9333418}.Release|x64.ActiveCfg = Release|x64
		{997BC36B-9018-43C7-A59A-E801D9333418}.Release|x64.Build.0 = Release|x64
		{997BC36B-9018-43C7-A59A-E801D9333418}.Release|x86.ActiveCfg = Release|Win32
		{997BC36B-9018-43C7-A59A-E801D9333418}.Release|x86.Build.0 = Release|Win32
		{6C669760-4388-43E8-A6DB-E4FD6CA5EF25}.Debug|x64.ActiveCfg = Debug|x64
		{6C669760-4388-43E8-A6DB-E4FD6CA5EF25}.Debug|x64.Build.0 = Debug|x64
		{6C669760-4388-43E8-A6DB-E4FD6CA5EF25}.Debug|x86.ActiveCfg = Debug|Win32
		{6C669760-4388-43E8-A6DB-E4FD6CA5EF25}.Debug|x86.Build.0 = Debug|Win32
		{6C669760-4388-43E8-A6DB-E4FD6CA5EF25}.Release|x64.ActiveCfg = Release|x64
		{6C669760-4388-43E8-A6DB-E4FD6CA5EF25}.Release|x64.Build.0 = Release|x64
		{6C669760-4388-43E8-A6DB-E4FD6CA5EF25}.Release|x86.ActiveCfg = Release|Win32
		{6C669760-4388-43E8-A6DB-E4FD6CA5EF25}.Release|x86.Build.0 = Release|Win32
		{0F541E2B-6D04-4865-B2E0-487E8EA6D37F}.Debug|x64.ActiveCfg = Debug|x64
		{0F541E2B-6D04-4865-B2E0-487E8EA6D37F}.Debug|x64.Build.0 = Debug|x64
		{0F541E2B-6D04-4865-B2E0-487E8EA6D37F}.Debug|x86.ActiveCfg = Debug|Win32
		{0F541E2B-6D04-4865-B2E0-487E8EA6D37F}.Debug|x86.Build.0 = Debug|Win32
		{0F541E2B-6D04-4865-B2E0-487E8EA6D37F}.Release|x64.ActiveCfg = Release|x64
		{0F541E2B-6D04-4865-B2E0-487E8EA6D37F}.Release|x64.Build.0 = Release|x64
		{0F541E2B-6D04-4865-B2E0-487E8EA6D37F}.Release|x86.ActiveCfg = Release|Win32
		{0F541E2B-6D04-4865-B2E0-487E8EA6D37F}.Release|x86.Build.0 = Release|Win32
	EndGlobalSection
	GlobalSection(SolutionProperties) = preSolution
		HideSolutionNode = FALSE
	EndGlobalSection
	GlobalSection(ExtensibilityGlobals) = postSolution
		SolutionGuid = {5DF8D0DA-4B52-4D24-9A26-27BC1226EDEC}
	EndGlobalSection
EndGlobal
